// !$*UTF8*$!
{
	archiveVersion = 1;
	classes = {
	};
	objectVersion = 50;
	objects = {

/* Begin PBXBuildFile section */
		AB03800B21CA81AE00CE01A7 /* TrayViewController.swift in Sources */ = {isa = PBXBuildFile; fileRef = AB03800A21CA81AE00CE01A7 /* TrayViewController.swift */; };
		AB03800E21CA831D00CE01A7 /* MapKit.framework in Frameworks */ = {isa = PBXBuildFile; fileRef = AB03800D21CA831D00CE01A7 /* MapKit.framework */; };
		AB64C6CC21C87FFD008F8BD8 /* AppDelegate.swift in Sources */ = {isa = PBXBuildFile; fileRef = AB64C6CB21C87FFD008F8BD8 /* AppDelegate.swift */; };
		AB64C6CE21C87FFD008F8BD8 /* ViewController.swift in Sources */ = {isa = PBXBuildFile; fileRef = AB64C6CD21C87FFD008F8BD8 /* ViewController.swift */; };
		AB64C6D121C87FFD008F8BD8 /* Main.storyboard in Resources */ = {isa = PBXBuildFile; fileRef = AB64C6CF21C87FFD008F8BD8 /* Main.storyboard */; };
		AB64C6D321C87FFF008F8BD8 /* Assets.xcassets in Resources */ = {isa = PBXBuildFile; fileRef = AB64C6D221C87FFF008F8BD8 /* Assets.xcassets */; };
		AB64C6D621C87FFF008F8BD8 /* LaunchScreen.storyboard in Resources */ = {isa = PBXBuildFile; fileRef = AB64C6D421C87FFF008F8BD8 /* LaunchScreen.storyboard */; };
		AB64C6E321C8A862008F8BD8 /* RestaurantViewController.swift in Sources */ = {isa = PBXBuildFile; fileRef = AB64C6E221C8A862008F8BD8 /* RestaurantViewController.swift */; };
		AB64C6E721C8C6AD008F8BD8 /* SWRevealViewController.m in Sources */ = {isa = PBXBuildFile; fileRef = AB64C6E521C8C6AD008F8BD8 /* SWRevealViewController.m */; };
		AB64C6E921C8CCB4008F8BD8 /* CustomerMenuTableViewController.swift in Sources */ = {isa = PBXBuildFile; fileRef = AB64C6E821C8CCB4008F8BD8 /* CustomerMenuTableViewController.swift */; };
		AB64C6EB21C92E0C008F8BD8 /* MealListTableViewController.swift in Sources */ = {isa = PBXBuildFile; fileRef = AB64C6EA21C92E0C008F8BD8 /* MealListTableViewController.swift */; };
		AB64C6ED21C93E26008F8BD8 /* MealDetailsViewController.swift in Sources */ = {isa = PBXBuildFile; fileRef = AB64C6EC21C93E26008F8BD8 /* MealDetailsViewController.swift */; };
/* End PBXBuildFile section */

/* Begin PBXFileReference section */
		AB03800A21CA81AE00CE01A7 /* TrayViewController.swift */ = {isa = PBXFileReference; lastKnownFileType = sourcecode.swift; path = TrayViewController.swift; sourceTree = "<group>"; };
		AB03800D21CA831D00CE01A7 /* MapKit.framework */ = {isa = PBXFileReference; lastKnownFileType = wrapper.framework; name = MapKit.framework; path = System/Library/Frameworks/MapKit.framework; sourceTree = SDKROOT; };
		AB64C6C821C87FFD008F8BD8 /* FoodTaskerIOS.app */ = {isa = PBXFileReference; explicitFileType = wrapper.application; includeInIndex = 0; path = FoodTaskerIOS.app; sourceTree = BUILT_PRODUCTS_DIR; };
		AB64C6CB21C87FFD008F8BD8 /* AppDelegate.swift */ = {isa = PBXFileReference; lastKnownFileType = sourcecode.swift; path = AppDelegate.swift; sourceTree = "<group>"; };
		AB64C6CD21C87FFD008F8BD8 /* ViewController.swift */ = {isa = PBXFileReference; lastKnownFileType = sourcecode.swift; path = ViewController.swift; sourceTree = "<group>"; };
		AB64C6D021C87FFD008F8BD8 /* Base */ = {isa = PBXFileReference; lastKnownFileType = file.storyboard; name = Base; path = Base.lproj/Main.storyboard; sourceTree = "<group>"; };
		AB64C6D221C87FFF008F8BD8 /* Assets.xcassets */ = {isa = PBXFileReference; lastKnownFileType = folder.assetcatalog; path = Assets.xcassets; sourceTree = "<group>"; };
		AB64C6D521C87FFF008F8BD8 /* Base */ = {isa = PBXFileReference; lastKnownFileType = file.storyboard; name = Base; path = Base.lproj/LaunchScreen.storyboard; sourceTree = "<group>"; };
		AB64C6D721C87FFF008F8BD8 /* Info.plist */ = {isa = PBXFileReference; lastKnownFileType = text.plist.xml; path = Info.plist; sourceTree = "<group>"; };
		AB64C6E221C8A862008F8BD8 /* RestaurantViewController.swift */ = {isa = PBXFileReference; lastKnownFileType = sourcecode.swift; path = RestaurantViewController.swift; sourceTree = "<group>"; };
		AB64C6E421C8C6AB008F8BD8 /* FoodTaskerIOS-Bridging-Header.h */ = {isa = PBXFileReference; lastKnownFileType = sourcecode.c.h; path = "FoodTaskerIOS-Bridging-Header.h"; sourceTree = "<group>"; };
		AB64C6E521C8C6AD008F8BD8 /* SWRevealViewController.m */ = {isa = PBXFileReference; fileEncoding = 4; lastKnownFileType = sourcecode.c.objc; path = SWRevealViewController.m; sourceTree = "<group>"; };
		AB64C6E621C8C6AD008F8BD8 /* SWRevealViewController.h */ = {isa = PBXFileReference; fileEncoding = 4; lastKnownFileType = sourcecode.c.h; path = SWRevealViewController.h; sourceTree = "<group>"; };
		AB64C6E821C8CCB4008F8BD8 /* CustomerMenuTableViewController.swift */ = {isa = PBXFileReference; lastKnownFileType = sourcecode.swift; path = CustomerMenuTableViewController.swift; sourceTree = "<group>"; };
		AB64C6EA21C92E0C008F8BD8 /* MealListTableViewController.swift */ = {isa = PBXFileReference; lastKnownFileType = sourcecode.swift; path = MealListTableViewController.swift; sourceTree = "<group>"; };
		AB64C6EC21C93E26008F8BD8 /* MealDetailsViewController.swift */ = {isa = PBXFileReference; lastKnownFileType = sourcecode.swift; path = MealDetailsViewController.swift; sourceTree = "<group>"; };
/* End PBXFileReference section */

/* Begin PBXFrameworksBuildPhase section */
		AB64C6C521C87FFD008F8BD8 /* Frameworks */ = {
			isa = PBXFrameworksBuildPhase;
			buildActionMask = 2147483647;
			files = (
				AB03800E21CA831D00CE01A7 /* MapKit.framework in Frameworks */,
			);
			runOnlyForDeploymentPostprocessing = 0;
		};
/* End PBXFrameworksBuildPhase section */

/* Begin PBXGroup section */
		AB03800C21CA831D00CE01A7 /* Frameworks */ = {
			isa = PBXGroup;
			children = (
				AB03800D21CA831D00CE01A7 /* MapKit.framework */,
			);
			name = Frameworks;
			sourceTree = "<group>";
		};
		AB64C6BF21C87FFD008F8BD8 = {
			isa = PBXGroup;
			children = (
				AB64C6CA21C87FFD008F8BD8 /* FoodTaskerIOS */,
				AB64C6C921C87FFD008F8BD8 /* Products */,
				AB03800C21CA831D00CE01A7 /* Frameworks */,
			);
			sourceTree = "<group>";
		};
		AB64C6C921C87FFD008F8BD8 /* Products */ = {
			isa = PBXGroup;
			children = (
				AB64C6C821C87FFD008F8BD8 /* FoodTaskerIOS.app */,
			);
			name = Products;
			sourceTree = "<group>";
		};
		AB64C6CA21C87FFD008F8BD8 /* FoodTaskerIOS */ = {
			isa = PBXGroup;
			children = (
				AB64C6E121C88B1A008F8BD8 /* Library */,
				AB64C6CB21C87FFD008F8BD8 /* AppDelegate.swift */,
				AB64C6CD21C87FFD008F8BD8 /* ViewController.swift */,
				AB64C6CF21C87FFD008F8BD8 /* Main.storyboard */,
				AB64C6D221C87FFF008F8BD8 /* Assets.xcassets */,
				AB64C6D421C87FFF008F8BD8 /* LaunchScreen.storyboard */,
				AB64C6D721C87FFF008F8BD8 /* Info.plist */,
				AB64C6E221C8A862008F8BD8 /* RestaurantViewController.swift */,
				AB64C6E821C8CCB4008F8BD8 /* CustomerMenuTableViewController.swift */,
				AB64C6EA21C92E0C008F8BD8 /* MealListTableViewController.swift */,
				AB64C6EC21C93E26008F8BD8 /* MealDetailsViewController.swift */,
				AB03800A21CA81AE00CE01A7 /* TrayViewController.swift */,
			);
			path = FoodTaskerIOS;
			sourceTree = "<group>";
		};
		AB64C6E121C88B1A008F8BD8 /* Library */ = {
			isa = PBXGroup;
			children = (
				AB64C6E621C8C6AD008F8BD8 /* SWRevealViewController.h */,
				AB64C6E521C8C6AD008F8BD8 /* SWRevealViewController.m */,
				AB64C6E421C8C6AB008F8BD8 /* FoodTaskerIOS-Bridging-Header.h */,
			);
			path = Library;
			sourceTree = "<group>";
		};
/* End PBXGroup section */

/* Begin PBXNativeTarget section */
		AB64C6C721C87FFD008F8BD8 /* FoodTaskerIOS */ = {
			isa = PBXNativeTarget;
			buildConfigurationList = AB64C6DA21C87FFF008F8BD8 /* Build configuration list for PBXNativeTarget "FoodTaskerIOS" */;
			buildPhases = (
				AB64C6C421C87FFD008F8BD8 /* Sources */,
				AB64C6C521C87FFD008F8BD8 /* Frameworks */,
				AB64C6C621C87FFD008F8BD8 /* Resources */,
			);
			buildRules = (
			);
			dependencies = (
			);
			name = FoodTaskerIOS;
			productName = FoodTaskerIOS;
			productReference = AB64C6C821C87FFD008F8BD8 /* FoodTaskerIOS.app */;
			productType = "com.apple.product-type.application";
		};
/* End PBXNativeTarget section */

/* Begin PBXProject section */
		AB64C6C021C87FFD008F8BD8 /* Project object */ = {
			isa = PBXProject;
			attributes = {
				LastSwiftUpdateCheck = 1010;
				LastUpgradeCheck = 1010;
				ORGANIZATIONNAME = "AMIR AFWAN";
				TargetAttributes = {
					AB64C6C721C87FFD008F8BD8 = {
						CreatedOnToolsVersion = 10.1;
						LastSwiftMigration = 1010;
					};
				};
			};
			buildConfigurationList = AB64C6C321C87FFD008F8BD8 /* Build configuration list for PBXProject "FoodTaskerIOS" */;
			compatibilityVersion = "Xcode 9.3";
			developmentRegion = en;
			hasScannedForEncodings = 0;
			knownRegions = (
				en,
				Base,
			);
			mainGroup = AB64C6BF21C87FFD008F8BD8;
			productRefGroup = AB64C6C921C87FFD008F8BD8 /* Products */;
			projectDirPath = "";
			projectRoot = "";
			targets = (
				AB64C6C721C87FFD008F8BD8 /* FoodTaskerIOS */,
			);
		};
/* End PBXProject section */

/* Begin PBXResourcesBuildPhase section */
		AB64C6C621C87FFD008F8BD8 /* Resources */ = {
			isa = PBXResourcesBuildPhase;
			buildActionMask = 2147483647;
			files = (
				AB64C6D621C87FFF008F8BD8 /* LaunchScreen.storyboard in Resources */,
				AB64C6D321C87FFF008F8BD8 /* Assets.xcassets in Resources */,
				AB64C6D121C87FFD008F8BD8 /* Main.storyboard in Resources */,
			);
			runOnlyForDeploymentPostprocessing = 0;
		};
/* End PBXResourcesBuildPhase section */

/* Begin PBXSourcesBuildPhase section */
		AB64C6C421C87FFD008F8BD8 /* Sources */ = {
			isa = PBXSourcesBuildPhase;
			buildActionMask = 2147483647;
			files = (
				AB64C6CE21C87FFD008F8BD8 /* ViewController.swift in Sources */,
				AB64C6ED21C93E26008F8BD8 /* MealDetailsViewController.swift in Sources */,
				AB03800B21CA81AE00CE01A7 /* TrayViewController.swift in Sources */,
				AB64C6E321C8A862008F8BD8 /* RestaurantViewController.swift in Sources */,
				AB64C6EB21C92E0C008F8BD8 /* MealListTableViewController.swift in Sources */,
				AB64C6CC21C87FFD008F8BD8 /* AppDelegate.swift in Sources */,
				AB64C6E921C8CCB4008F8BD8 /* CustomerMenuTableViewController.swift in Sources */,
				AB64C6E721C8C6AD008F8BD8 /* SWRevealViewController.m in Sources */,
			);
			runOnlyForDeploymentPostprocessing = 0;
		};
/* End PBXSourcesBuildPhase section */

/* Begin PBXVariantGroup section */
		AB64C6CF21C87FFD008F8BD8 /* Main.storyboard */ = {
			isa = PBXVariantGroup;
			children = (
				AB64C6D021C87FFD008F8BD8 /* Base */,
			);
			name = Main.storyboard;
			sourceTree = "<group>";
		};
		AB64C6D421C87FFF008F8BD8 /* LaunchScreen.storyboard */ = {
			isa = PBXVariantGroup;
			children = (
				AB64C6D521C87FFF008F8BD8 /* Base */,
			);
			name = LaunchScreen.storyboard;
			sourceTree = "<group>";
		};
/* End PBXVariantGroup section */

/* Begin XCBuildConfiguration section */
		AB64C6D821C87FFF008F8BD8 /* Debug */ = {
			isa = XCBuildConfiguration;
			buildSettings = {
				ALWAYS_SEARCH_USER_PATHS = NO;
				CLANG_ANALYZER_NONNULL = YES;
				CLANG_ANALYZER_NUMBER_OBJECT_CONVERSION = YES_AGGRESSIVE;
				CLANG_CXX_LANGUAGE_STANDARD = "gnu++14";
				CLANG_CXX_LIBRARY = "libc++";
				CLANG_ENABLE_MODULES = YES;
				CLANG_ENABLE_OBJC_ARC = YES;
				CLANG_ENABLE_OBJC_WEAK = YES;
				CLANG_WARN_BLOCK_CAPTURE_AUTORELEASING = YES;
				CLANG_WARN_BOOL_CONVERSION = YES;
				CLANG_WARN_COMMA = YES;
				CLANG_WARN_CONSTANT_CONVERSION = YES;
				CLANG_WARN_DEPRECATED_OBJC_IMPLEMENTATIONS = YES;
				CLANG_WARN_DIRECT_OBJC_ISA_USAGE = YES_ERROR;
				CLANG_WARN_DOCUMENTATION_COMMENTS = YES;
				CLANG_WARN_EMPTY_BODY = YES;
				CLANG_WARN_ENUM_CONVERSION = YES;
				CLANG_WARN_INFINITE_RECURSION = YES;
				CLANG_WARN_INT_CONVERSION = YES;
				CLANG_WARN_NON_LITERAL_NULL_CONVERSION = YES;
				CLANG_WARN_OBJC_IMPLICIT_RETAIN_SELF = YES;
				CLANG_WARN_OBJC_LITERAL_CONVERSION = YES;
				CLANG_WARN_OBJC_ROOT_CLASS = YES_ERROR;
				CLANG_WARN_RANGE_LOOP_ANALYSIS = YES;
				CLANG_WARN_STRICT_PROTOTYPES = YES;
				CLANG_WARN_SUSPICIOUS_MOVE = YES;
				CLANG_WARN_UNGUARDED_AVAILABILITY = YES_AGGRESSIVE;
				CLANG_WARN_UNREACHABLE_CODE = YES;
				CLANG_WARN__DUPLICATE_METHOD_MATCH = YES;
				CODE_SIGN_IDENTITY = "iPhone Developer";
				COPY_PHASE_STRIP = NO;
				DEBUG_INFORMATION_FORMAT = dwarf;
				ENABLE_STRICT_OBJC_MSGSEND = YES;
				ENABLE_TESTABILITY = YES;
				GCC_C_LANGUAGE_STANDARD = gnu11;
				GCC_DYNAMIC_NO_PIC = NO;
				GCC_NO_COMMON_BLOCKS = YES;
				GCC_OPTIMIZATION_LEVEL = 0;
				GCC_PREPROCESSOR_DEFINITIONS = (
					"DEBUG=1",
					"$(inherited)",
				);
				GCC_WARN_64_TO_32_BIT_CONVERSION = YES;
				GCC_WARN_ABOUT_RETURN_TYPE = YES_ERROR;
				GCC_WARN_UNDECLARED_SELECTOR = YES;
				GCC_WARN_UNINITIALIZED_AUTOS = YES_AGGRESSIVE;
				GCC_WARN_UNUSED_FUNCTION = YES;
				GCC_WARN_UNUSED_VARIABLE = YES;
				IPHONEOS_DEPLOYMENT_TARGET = 12.1;
				MTL_ENABLE_DEBUG_INFO = INCLUDE_SOURCE;
				MTL_FAST_MATH = YES;
				ONLY_ACTIVE_ARCH = YES;
				SDKROOT = iphoneos;
				SWIFT_ACTIVE_COMPILATION_CONDITIONS = DEBUG;
				SWIFT_OPTIMIZATION_LEVEL = "-Onone";
				SWIFT_VERSION = "";
			};
			name = Debug;
		};
		AB64C6D921C87FFF008F8BD8 /* Release */ = {
			isa = XCBuildConfiguration;
			buildSettings = {
				ALWAYS_SEARCH_USER_PATHS = NO;
				CLANG_ANALYZER_NONNULL = YES;
				CLANG_ANALYZER_NUMBER_OBJECT_CONVERSION = YES_AGGRESSIVE;
				CLANG_CXX_LANGUAGE_STANDARD = "gnu++14";
				CLANG_CXX_LIBRARY = "libc++";
				CLANG_ENABLE_MODULES = YES;
				CLANG_ENABLE_OBJC_ARC = YES;
				CLANG_ENABLE_OBJC_WEAK = YES;
				CLANG_WARN_BLOCK_CAPTURE_AUTORELEASING = YES;
				CLANG_WARN_BOOL_CONVERSION = YES;
				CLANG_WARN_COMMA = YES;
				CLANG_WARN_CONSTANT_CONVERSION = YES;
				CLANG_WARN_DEPRECATED_OBJC_IMPLEMENTATIONS = YES;
				CLANG_WARN_DIRECT_OBJC_ISA_USAGE = YES_ERROR;
				CLANG_WARN_DOCUMENTATION_COMMENTS = YES;
				CLANG_WARN_EMPTY_BODY = YES;
				CLANG_WARN_ENUM_CONVERSION = YES;
				CLANG_WARN_INFINITE_RECURSION = YES;
				CLANG_WARN_INT_CONVERSION = YES;
				CLANG_WARN_NON_LITERAL_NULL_CONVERSION = YES;
				CLANG_WARN_OBJC_IMPLICIT_RETAIN_SELF = YES;
				CLANG_WARN_OBJC_LITERAL_CONVERSION = YES;
				CLANG_WARN_OBJC_ROOT_CLASS = YES_ERROR;
				CLANG_WARN_RANGE_LOOP_ANALYSIS = YES;
				CLANG_WARN_STRICT_PROTOTYPES = YES;
				CLANG_WARN_SUSPICIOUS_MOVE = YES;
				CLANG_WARN_UNGUARDED_AVAILABILITY = YES_AGGRESSIVE;
				CLANG_WARN_UNREACHABLE_CODE = YES;
				CLANG_WARN__DUPLICATE_METHOD_MATCH = YES;
				CODE_SIGN_IDENTITY = "iPhone Developer";
				COPY_PHASE_STRIP = NO;
				DEBUG_INFORMATION_FORMAT = "dwarf-with-dsym";
				ENABLE_NS_ASSERTIONS = NO;
				ENABLE_STRICT_OBJC_MSGSEND = YES;
				GCC_C_LANGUAGE_STANDARD = gnu11;
				GCC_NO_COMMON_BLOCKS = YES;
				GCC_WARN_64_TO_32_BIT_CONVERSION = YES;
				GCC_WARN_ABOUT_RETURN_TYPE = YES_ERROR;
				GCC_WARN_UNDECLARED_SELECTOR = YES;
				GCC_WARN_UNINITIALIZED_AUTOS = YES_AGGRESSIVE;
				GCC_WARN_UNUSED_FUNCTION = YES;
				GCC_WARN_UNUSED_VARIABLE = YES;
				IPHONEOS_DEPLOYMENT_TARGET = 12.1;
				MTL_ENABLE_DEBUG_INFO = NO;
				MTL_FAST_MATH = YES;
				SDKROOT = iphoneos;
				SWIFT_COMPILATION_MODE = wholemodule;
				SWIFT_OPTIMIZATION_LEVEL = "-O";
				SWIFT_VERSION = "";
				VALIDATE_PRODUCT = YES;
			};
			name = Release;
		};
		AB64C6DB21C87FFF008F8BD8 /* Debug */ = {
			isa = XCBuildConfiguration;
			buildSettings = {
				ASSETCATALOG_COMPILER_APPICON_NAME = AppIcon;
				CLANG_ENABLE_MODULES = YES;
				CODE_SIGN_STYLE = Automatic;
				DEVELOPMENT_TEAM = N6C4MUXVT6;
				INFOPLIST_FILE = FoodTaskerIOS/Info.plist;
				IPHONEOS_DEPLOYMENT_TARGET = 10.0;
				LD_RUNPATH_SEARCH_PATHS = (
					"$(inherited)",
					"@executable_path/Frameworks",
				);
				PRODUCT_BUNDLE_IDENTIFIER = com.amirafwan.FoodTaskerIOS;
				PRODUCT_NAME = "$(TARGET_NAME)";
				SWIFT_OBJC_BRIDGING_HEADER = "FoodTaskerIOS/Library/FoodTaskerIOS-Bridging-Header.h";
				SWIFT_OPTIMIZATION_LEVEL = "-Onone";
				SWIFT_VERSION = 4.2;
				TARGETED_DEVICE_FAMILY = "1,2";
			};
			name = Debug;
		};
		AB64C6DC21C87FFF008F8BD8 /* Release */ = {
			isa = XCBuildConfiguration;
			buildSettings = {
				ASSETCATALOG_COMPILER_APPICON_NAME = AppIcon;
				CLANG_ENABLE_MODULES = YES;
				CODE_SIGN_STYLE = Automatic;
				DEVELOPMENT_TEAM = N6C4MUXVT6;
				INFOPLIST_FILE = FoodTaskerIOS/Info.plist;
				IPHONEOS_DEPLOYMENT_TARGET = 10.0;
				LD_RUNPATH_SEARCH_PATHS = (
					"$(inherited)",
					"@executable_path/Frameworks",
				);
				PRODUCT_BUNDLE_IDENTIFIER = com.amirafwan.FoodTaskerIOS;
				PRODUCT_NAME = "$(TARGET_NAME)";
				SWIFT_OBJC_BRIDGING_HEADER = "FoodTaskerIOS/Library/FoodTaskerIOS-Bridging-Header.h";
				SWIFT_VERSION = 4.2;
				TARGETED_DEVICE_FAMILY = "1,2";
			};
			name = Release;
		};
/* End XCBuildConfiguration section */

/* Begin XCConfigurationList section */
		AB64C6C321C87FFD008F8BD8 /* Build configuration list for PBXProject "FoodTaskerIOS" */ = {
			isa = XCConfigurationList;
			buildConfigurations = (
				AB64C6D821C87FFF008F8BD8 /* Debug */,
				AB64C6D921C87FFF008F8BD8 /* Release */,
			);
			defaultConfigurationIsVisible = 0;
			defaultConfigurationName = Release;
		};
		AB64C6DA21C87FFF008F8BD8 /* Build configuration list for PBXNativeTarget "FoodTaskerIOS" */ = {
			isa = XCConfigurationList;
			buildConfigurations = (
				AB64C6DB21C87FFF008F8BD8 /* Debug */,
				AB64C6DC21C87FFF008F8BD8 /* Release */,
			);
			defaultConfigurationIsVisible = 0;
			defaultConfigurationName = Release;
		};
/* End XCConfigurationList section */
	};
	rootObject = AB64C6C021C87FFD008F8BD8 /* Project object */;
}
